
Microsoft Visual Studio Solution File, Format Version 12.00
# Visual Studio Version 17
VisualStudioVersion = 17.8.34330.188
MinimumVisualStudioVersion = 10.0.40219.1
Project("{9A19103F-16F7-4668-BE54-9A1E7A4F7556}") = "RatingAgency", "RatingAgency.csproj", "{F128B6D7-4352-4A1D-A2DD-91B187E4DD10}"
EndProject
Project("{9A19103F-16F7-4668-BE54-9A1E7A4F7556}") = "Data", "..\Repositories\Data.csproj", "{6DBA35C9-0652-4261-B885-F2AE72DF0413}"
EndProject
Project("{9A19103F-16F7-4668-BE54-9A1E7A4F7556}") = "Business_Layer", "..\Business_Layer\Business_Layer.csproj", "{BA450DA3-12D4-4B2B-AB63-B95EF5D5DB60}"
EndProject
Project("{9A19103F-16F7-4668-BE54-9A1E7A4F7556}") = "ViewModels", "..\ViewModels\ViewModels.csproj", "{F944D116-B8CD-4C74-9DA5-CF493536229A}"
EndProject
Project("{9A19103F-16F7-4668-BE54-9A1E7A4F7556}") = "Tests", "..\Tests\Tests.csproj", "{EC1429C0-3DBC-47AC-941D-1AEB9BA9DA82}"
EndProject
Global
	GlobalSection(SolutionConfigurationPlatforms) = preSolution
		Debug|Any CPU = Debug|Any CPU
		Release|Any CPU = Release|Any CPU
	EndGlobalSection
	GlobalSection(ProjectConfigurationPlatforms) = postSolution
		{F128B6D7-4352-4A1D-A2DD-91B187E4DD10}.Debug|Any CPU.ActiveCfg = Debug|Any CPU
		{F128B6D7-4352-4A1D-A2DD-91B187E4DD10}.Debug|Any CPU.Build.0 = Debug|Any CPU
		{F128B6D7-4352-4A1D-A2DD-91B187E4DD10}.Release|Any CPU.ActiveCfg = Release|Any CPU
		{F128B6D7-4352-4A1D-A2DD-91B187E4DD10}.Release|Any CPU.Build.0 = Release|Any CPU
		{6DBA35C9-0652-4261-B885-F2AE72DF0413}.Debug|Any CPU.ActiveCfg = Debug|Any CPU
		{6DBA35C9-0652-4261-B885-F2AE72DF0413}.Debug|Any CPU.Build.0 = Debug|Any CPU
		{6DBA35C9-0652-4261-B885-F2AE72DF0413}.Release|Any CPU.ActiveCfg = Release|Any CPU
		{6DBA35C9-0652-4261-B885-F2AE72DF0413}.Release|Any CPU.Build.0 = Release|Any CPU
		{BA450DA3-12D4-4B2B-AB63-B95EF5D5DB60}.Debug|Any CPU.ActiveCfg = Debug|Any CPU
		{BA450DA3-12D4-4B2B-AB63-B95EF5D5DB60}.Debug|Any CPU.Build.0 = Debug|Any CPU
		{BA450DA3-12D4-4B2B-AB63-B95EF5D5DB60}.Release|Any CPU.ActiveCfg = Release|Any CPU
		{BA450DA3-12D4-4B2B-AB63-B95EF5D5DB60}.Release|Any CPU.Build.0 = Release|Any CPU
		{F944D116-B8CD-4C74-9DA5-CF493536229A}.Debug|Any CPU.ActiveCfg = Debug|Any CPU
		{F944D116-B8CD-4C74-9DA5-CF493536229A}.Debug|Any CPU.Build.0 = Debug|Any CPU
		{F944D116-B8CD-4C74-9DA5-CF493536229A}.Release|Any CPU.ActiveCfg = Release|Any CPU
		{F944D116-B8CD-4C74-9DA5-CF493536229A}.Release|Any CPU.Build.0 = Release|Any CPU
		{EC1429C0-3DBC-47AC-941D-1AEB9BA9DA82}.Debug|Any CPU.ActiveCfg = Debug|Any CPU
		{EC1429C0-3DBC-47AC-941D-1AEB9BA9DA82}.Debug|Any CPU.Build.0 = Debug|Any CPU
		{EC1429C0-3DBC-47AC-941D-1AEB9BA9DA82}.Release|Any CPU.ActiveCfg = Release|Any CPU
		{EC1429C0-3DBC-47AC-941D-1AEB9BA9DA82}.Release|Any CPU.Build.0 = Release|Any CPU
	EndGlobalSection
	GlobalSection(SolutionProperties) = preSolution
		HideSolutionNode = FALSE
	EndGlobalSection
	GlobalSection(ExtensibilityGlobals) = postSolution
		SolutionGuid = {0BF2DA35-BFFF-4786-A4EF-60688B556350}
	EndGlobalSection
EndGlobal
